<?xml version="1.0" encoding="utf-8"?>
<Project ToolsVersion="4.0" xmlns="http://schemas.microsoft.com/developer/msbuild/2003">
  <ItemGroup>
    <Filter Include="Source Files">
      <UniqueIdentifier>{4FC737F1-C7A5-4376-A066-2A32D752A2FF}</UniqueIdentifier>
      <Extensions>cpp;c;cc;cxx;def;odl;idl;hpj;bat;asm;asmx</Extensions>
    </Filter>
    <Filter Include="Header Files">
      <UniqueIdentifier>{93995380-89BD-4b04-88EB-625FBE52EBFB}</UniqueIdentifier>
      <Extensions>h;hh;hpp;hxx;hm;inl;inc;ipp;xsd</Extensions>
    </Filter>
    <Filter Include="Resource Files">
      <UniqueIdentifier>{67DA6AB6-F800-4c08-8B7A-83BB121AAD01}</UniqueIdentifier>
      <Extensions>rc;ico;cur;bmp;dlg;rc2;rct;bin;rgs;gif;jpg;jpeg;jpe;resx;tiff;tif;png;wav;mfcribbon-ms</Extensions>
    </Filter>
  </ItemGroup>
  <ItemGroup>
    <ClCompile Include="HomeForm.cpp">
      <Filter>Source Files</Filter>
    </ClCompile>
    <ClCompile Include="Test.cpp">
      <Filter>Source Files</Filter>
    </ClCompile>
    <ClCompile Include="Username.cpp">
      <Filter>Source Files</Filter>
    </ClCompile>
    <ClCompile Include="tinyxml2.cpp">
      <Filter>Source Files</Filter>
    </ClCompile>
    <ClCompile Include="XMLDataFile.cpp">
      <Filter>Source Files</Filter>
    </ClCompile>
    <ClCompile Include="Game2.cpp">
      <Filter>Source Files</Filter>
    </ClCompile>
    <ClCompile Include="EnterCodeForm.cpp">
      <Filter>Source Files</Filter>
    </ClCompile>
    <ClCompile Include="Game4.cpp">
      <Filter>Source Files</Filter>
    </ClCompile>
    <ClCompile Include="ShowStatistics.cpp">
      <Filter>Source Files</Filter>
    </ClCompile>
    <ClCompile Include="Game1.cpp">
      <Filter>Source Files</Filter>
    </ClCompile>
    <ClCompile Include="InfoAboutUs.cpp">
      <Filter>Source Files</Filter>
    </ClCompile>
    <ClCompile Include="InfoAboutApp.cpp">
      <Filter>Source Files</Filter>
    </ClCompile>
  </ItemGroup>
  <ItemGroup>
    <ClInclude Include="HomeForm.h">
      <Filter>Header Files</Filter>
    </ClInclude>
    <ClInclude Include="Username.h">
      <Filter>Header Files</Filter>
    </ClInclude>
    <ClInclude Include="tinyxml2.h">
      <Filter>Header Files</Filter>
    </ClInclude>
    <ClInclude Include="XMLDataFile.h">
      <Filter>Header Files</Filter>
    </ClInclude>
    <ClInclude Include="loto.h">
      <Filter>Header Files</Filter>
    </ClInclude>
    <ClInclude Include="Game2.h">
      <Filter>Header Files</Filter>
    </ClInclude>
    <ClInclude Include="Game4.h">
      <Filter>Header Files</Filter>
    </ClInclude>
    <ClInclude Include="EnterCodeForm.h">
      <Filter>Header Files</Filter>
    </ClInclude>
    <ClInclude Include="csvfile.h">
      <Filter>Header Files</Filter>
    </ClInclude>
    <ClInclude Include="ShowStatistics.h">
      <Filter>Header Files</Filter>
    </ClInclude>
    <ClInclude Include="Game1.h">
      <Filter>Header Files</Filter>
    </ClInclude>
    <ClInclude Include="PointsManipulation.h">
      <Filter>Header Files</Filter>
    </ClInclude>
    <ClInclude Include="InfoAboutUs.h">
      <Filter>Header Files</Filter>
    </ClInclude>
    <ClInclude Include="InfoAboutApp.h">
      <Filter>Header Files</Filter>
    </ClInclude>
  </ItemGroup>
  <ItemGroup>
    <EmbeddedResource Include="Username.resx">
      <Filter>Resource Files</Filter>
    </EmbeddedResource>
    <EmbeddedResource Include="HomeForm.resx">
      <Filter>Resource Files</Filter>
    </EmbeddedResource>
    <EmbeddedResource Include="EnterCodeForm.resx">
      <Filter>Resource Files</Filter>
    </EmbeddedResource>
    <EmbeddedResource Include="ShowStatistics.resx">
      <Filter>Resource Files</Filter>
    </EmbeddedResource>
    <EmbeddedResource Include="InfoAboutUs.resx">
      <Filter>Resource Files</Filter>
    </EmbeddedResource>
  </ItemGroup>
  <ItemGroup>
    <Xml Include="ScoreBoard.xml">
      <Filter>Resource Files</Filter>
    </Xml>
    <Xml Include="Settings.xml">
      <Filter>Resource Files</Filter>
    </Xml>
  </ItemGroup>
</Project>